
Microsoft Visual Studio Solution File, Format Version 12.00
# Visual Studio Version 16
VisualStudioVersion = 16.0.33423.256
MinimumVisualStudioVersion = 10.0.40219.1
Project("{FAE04EC0-301F-11D3-BF4B-00C04F79EFBC}") = "Cadenas", "Cadenas\Cadenas.csproj", "{C7DADB6B-075D-4532-8648-213F9384D58E}"
EndProject
Project("{FAE04EC0-301F-11D3-BF4B-00C04F79EFBC}") = "Colecciones", "Colecciones\Colecciones.csproj", "{53813033-AB70-48D9-B957-C1679298EF64}"
EndProject
Project("{FAE04EC0-301F-11D3-BF4B-00C04F79EFBC}") = "Diccionario", "Diccionario\Diccionario.csproj", "{3598A21F-DA0D-4290-A766-8A0AB5CEFF4A}"
EndProject
Project("{FAE04EC0-301F-11D3-BF4B-00C04F79EFBC}") = "Estructuras", "Estructuras\Estructuras.csproj", "{471CA7B0-5758-4F0E-B1C7-8EEBCEF0C1AC}"
EndProject
Project("{FAE04EC0-301F-11D3-BF4B-00C04F79EFBC}") = "HelloWorld", "HelloWorld\HelloWorld.csproj", "{3235DD32-5388-4C87-A7D6-3D5CC8CA1005}"
EndProject
Project("{FAE04EC0-301F-11D3-BF4B-00C04F79EFBC}") = "POO", "POO\POO.csproj", "{2F64D50B-C4C8-4663-B171-D54E2FA974A9}"
EndProject
Project("{2150E333-8FDC-42A3-9474-1A3956D46DE8}") = "Informacion", "Informacion", "{1B4D31BA-BE1F-4CB0-97C5-6246D78B6C35}"
	ProjectSection(SolutionItems) = preProject
		..\Informacion\Informacion.cs = ..\Informacion\Informacion.cs
	EndProjectSection
EndProject
Project("{2150E333-8FDC-42A3-9474-1A3956D46DE8}") = "Ejemplos", "Ejemplos", "{33CE827E-434C-4CA1-AB5D-911EB07EB353}"
EndProject
Project("{2150E333-8FDC-42A3-9474-1A3956D46DE8}") = "Basicos", "Basicos", "{5F516CDA-121A-491D-8E30-E1E1755ECBBB}"
EndProject
Project("{2150E333-8FDC-42A3-9474-1A3956D46DE8}") = "POO", "POO", "{F5B4C938-4D44-4E47-A184-E68A4CB0DF97}"
EndProject
Project("{2150E333-8FDC-42A3-9474-1A3956D46DE8}") = "WindowsForms", "WindowsForms", "{F6372A25-55D7-4F7B-ACB6-A985831F822E}"
EndProject
Project("{FAE04EC0-301F-11D3-BF4B-00C04F79EFBC}") = "WF_Test_1", "WF_Test_1\WF_Test_1.csproj", "{CD18DF4A-BA03-439C-953B-C0A5494A7034}"
EndProject
Project("{FAE04EC0-301F-11D3-BF4B-00C04F79EFBC}") = "Delegados", "Delegados\Delegados.csproj", "{99DD4FD9-40FB-4138-B550-A1B829700FE5}"
EndProject
Project("{FAE04EC0-301F-11D3-BF4B-00C04F79EFBC}") = "ThreadsTasks", "Threads\ThreadsTasks.csproj", "{69AB79E6-1F71-434B-8DBA-C1B7683AF276}"
EndProject
Project("{FAE04EC0-301F-11D3-BF4B-00C04F79EFBC}") = "TEST", "TEST\TEST.csproj", "{A4D5FD39-3FEA-440A-818E-ADFAE2FE1D26}"
EndProject
Global
	GlobalSection(SolutionConfigurationPlatforms) = preSolution
		Debug|Any CPU = Debug|Any CPU
		Release|Any CPU = Release|Any CPU
	EndGlobalSection
	GlobalSection(ProjectConfigurationPlatforms) = postSolution
		{C7DADB6B-075D-4532-8648-213F9384D58E}.Debug|Any CPU.ActiveCfg = Debug|Any CPU
		{C7DADB6B-075D-4532-8648-213F9384D58E}.Debug|Any CPU.Build.0 = Debug|Any CPU
		{C7DADB6B-075D-4532-8648-213F9384D58E}.Release|Any CPU.ActiveCfg = Release|Any CPU
		{C7DADB6B-075D-4532-8648-213F9384D58E}.Release|Any CPU.Build.0 = Release|Any CPU
		{53813033-AB70-48D9-B957-C1679298EF64}.Debug|Any CPU.ActiveCfg = Debug|Any CPU
		{53813033-AB70-48D9-B957-C1679298EF64}.Debug|Any CPU.Build.0 = Debug|Any CPU
		{53813033-AB70-48D9-B957-C1679298EF64}.Release|Any CPU.ActiveCfg = Release|Any CPU
		{53813033-AB70-48D9-B957-C1679298EF64}.Release|Any CPU.Build.0 = Release|Any CPU
		{3598A21F-DA0D-4290-A766-8A0AB5CEFF4A}.Debug|Any CPU.ActiveCfg = Debug|Any CPU
		{3598A21F-DA0D-4290-A766-8A0AB5CEFF4A}.Debug|Any CPU.Build.0 = Debug|Any CPU
		{3598A21F-DA0D-4290-A766-8A0AB5CEFF4A}.Release|Any CPU.ActiveCfg = Release|Any CPU
		{3598A21F-DA0D-4290-A766-8A0AB5CEFF4A}.Release|Any CPU.Build.0 = Release|Any CPU
		{471CA7B0-5758-4F0E-B1C7-8EEBCEF0C1AC}.Debug|Any CPU.ActiveCfg = Debug|Any CPU
		{471CA7B0-5758-4F0E-B1C7-8EEBCEF0C1AC}.Debug|Any CPU.Build.0 = Debug|Any CPU
		{471CA7B0-5758-4F0E-B1C7-8EEBCEF0C1AC}.Release|Any CPU.ActiveCfg = Release|Any CPU
		{471CA7B0-5758-4F0E-B1C7-8EEBCEF0C1AC}.Release|Any CPU.Build.0 = Release|Any CPU
		{3235DD32-5388-4C87-A7D6-3D5CC8CA1005}.Debug|Any CPU.ActiveCfg = Debug|Any CPU
		{3235DD32-5388-4C87-A7D6-3D5CC8CA1005}.Debug|Any CPU.Build.0 = Debug|Any CPU
		{3235DD32-5388-4C87-A7D6-3D5CC8CA1005}.Release|Any CPU.ActiveCfg = Release|Any CPU
		{3235DD32-5388-4C87-A7D6-3D5CC8CA1005}.Release|Any CPU.Build.0 = Release|Any CPU
		{2F64D50B-C4C8-4663-B171-D54E2FA974A9}.Debug|Any CPU.ActiveCfg = Debug|Any CPU
		{2F64D50B-C4C8-4663-B171-D54E2FA974A9}.Debug|Any CPU.Build.0 = Debug|Any CPU
		{2F64D50B-C4C8-4663-B171-D54E2FA974A9}.Release|Any CPU.ActiveCfg = Release|Any CPU
		{2F64D50B-C4C8-4663-B171-D54E2FA974A9}.Release|Any CPU.Build.0 = Release|Any CPU
		{CD18DF4A-BA03-439C-953B-C0A5494A7034}.Debug|Any CPU.ActiveCfg = Debug|Any CPU
		{CD18DF4A-BA03-439C-953B-C0A5494A7034}.Debug|Any CPU.Build.0 = Debug|Any CPU
		{CD18DF4A-BA03-439C-953B-C0A5494A7034}.Release|Any CPU.ActiveCfg = Release|Any CPU
		{CD18DF4A-BA03-439C-953B-C0A5494A7034}.Release|Any CPU.Build.0 = Release|Any CPU
		{99DD4FD9-40FB-4138-B550-A1B829700FE5}.Debug|Any CPU.ActiveCfg = Debug|Any CPU
		{99DD4FD9-40FB-4138-B550-A1B829700FE5}.Debug|Any CPU.Build.0 = Debug|Any CPU
		{99DD4FD9-40FB-4138-B550-A1B829700FE5}.Release|Any CPU.ActiveCfg = Release|Any CPU
		{99DD4FD9-40FB-4138-B550-A1B829700FE5}.Release|Any CPU.Build.0 = Release|Any CPU
		{69AB79E6-1F71-434B-8DBA-C1B7683AF276}.Debug|Any CPU.ActiveCfg = Debug|Any CPU
		{69AB79E6-1F71-434B-8DBA-C1B7683AF276}.Debug|Any CPU.Build.0 = Debug|Any CPU
		{69AB79E6-1F71-434B-8DBA-C1B7683AF276}.Release|Any CPU.ActiveCfg = Release|Any CPU
		{69AB79E6-1F71-434B-8DBA-C1B7683AF276}.Release|Any CPU.Build.0 = Release|Any CPU
		{A4D5FD39-3FEA-440A-818E-ADFAE2FE1D26}.Debug|Any CPU.ActiveCfg = Debug|Any CPU
		{A4D5FD39-3FEA-440A-818E-ADFAE2FE1D26}.Debug|Any CPU.Build.0 = Debug|Any CPU
		{A4D5FD39-3FEA-440A-818E-ADFAE2FE1D26}.Release|Any CPU.ActiveCfg = Release|Any CPU
		{A4D5FD39-3FEA-440A-818E-ADFAE2FE1D26}.Release|Any CPU.Build.0 = Release|Any CPU
	EndGlobalSection
	GlobalSection(SolutionProperties) = preSolution
		HideSolutionNode = FALSE
	EndGlobalSection
	GlobalSection(NestedProjects) = preSolution
		{C7DADB6B-075D-4532-8648-213F9384D58E} = {5F516CDA-121A-491D-8E30-E1E1755ECBBB}
		{53813033-AB70-48D9-B957-C1679298EF64} = {5F516CDA-121A-491D-8E30-E1E1755ECBBB}
		{3598A21F-DA0D-4290-A766-8A0AB5CEFF4A} = {5F516CDA-121A-491D-8E30-E1E1755ECBBB}
		{471CA7B0-5758-4F0E-B1C7-8EEBCEF0C1AC} = {5F516CDA-121A-491D-8E30-E1E1755ECBBB}
		{3235DD32-5388-4C87-A7D6-3D5CC8CA1005} = {5F516CDA-121A-491D-8E30-E1E1755ECBBB}
		{2F64D50B-C4C8-4663-B171-D54E2FA974A9} = {F5B4C938-4D44-4E47-A184-E68A4CB0DF97}
		{5F516CDA-121A-491D-8E30-E1E1755ECBBB} = {33CE827E-434C-4CA1-AB5D-911EB07EB353}
		{F5B4C938-4D44-4E47-A184-E68A4CB0DF97} = {33CE827E-434C-4CA1-AB5D-911EB07EB353}
		{F6372A25-55D7-4F7B-ACB6-A985831F822E} = {33CE827E-434C-4CA1-AB5D-911EB07EB353}
		{CD18DF4A-BA03-439C-953B-C0A5494A7034} = {F6372A25-55D7-4F7B-ACB6-A985831F822E}
		{99DD4FD9-40FB-4138-B550-A1B829700FE5} = {5F516CDA-121A-491D-8E30-E1E1755ECBBB}
		{69AB79E6-1F71-434B-8DBA-C1B7683AF276} = {5F516CDA-121A-491D-8E30-E1E1755ECBBB}
	EndGlobalSection
	GlobalSection(ExtensibilityGlobals) = postSolution
		SolutionGuid = {7803B9C9-71A9-45A8-8417-EB4D3467587C}
	EndGlobalSection
EndGlobal
